
Microsoft Visual Studio Solution File, Format Version 12.00
# Visual Studio 2013
VisualStudioVersion = 12.0.31101.0
MinimumVisualStudioVersion = 10.0.40219.1
Project("{FAE04EC0-301F-11D3-BF4B-00C04F79EFBC}") = "Remote7zReaderWeb", "Remote7zReaderWeb\Remote7zReaderWeb.csproj", "{F6D906C7-2874-49F3-9B56-5DCB4018984E}"
EndProject
Project("{FAE04EC0-301F-11D3-BF4B-00C04F79EFBC}") = "LibSignalRStream", "LibSignalRStream\LibSignalRStream.csproj", "{834600F7-1FD6-4F23-8612-027A41EDE7FA}"
EndProject
Global
	GlobalSection(SolutionConfigurationPlatforms) = preSolution
		Debug|Any CPU = Debug|Any CPU
		Release|Any CPU = Release|Any CPU
	EndGlobalSection
	GlobalSection(ProjectConfigurationPlatforms) = postSolution
		{F6D906C7-2874-49F3-9B56-5DCB4018984E}.Debug|Any CPU.ActiveCfg = Debug|Any CPU
		{F6D906C7-2874-49F3-9B56-5DCB4018984E}.Debug|Any CPU.Build.0 = Debug|Any CPU
		{F6D906C7-2874-49F3-9B56-5DCB4018984E}.Release|Any CPU.ActiveCfg = Release|Any CPU
		{F6D906C7-2874-49F3-9B56-5DCB4018984E}.Release|Any CPU.Build.0 = Release|Any CPU
		{834600F7-1FD6-4F23-8612-027A41EDE7FA}.Debug|Any CPU.ActiveCfg = Debug|Any CPU
		{834600F7-1FD6-4F23-8612-027A41EDE7FA}.Debug|Any CPU.Build.0 = Debug|Any CPU
		{834600F7-1FD6-4F23-8612-027A41EDE7FA}.Release|Any CPU.ActiveCfg = Release|Any CPU
		{834600F7-1FD6-4F23-8612-027A41EDE7FA}.Release|Any CPU.Build.0 = Release|Any CPU
	EndGlobalSection
	GlobalSection(SolutionProperties) = preSolution
		HideSolutionNode = FALSE
	EndGlobalSection
EndGlobal
